
Microsoft Visual Studio Solution File, Format Version 12.00
# Visual Studio Version 17
VisualStudioVersion = 17.14.36616.10
MinimumVisualStudioVersion = 10.0.40219.1
Project("{2150E333-8FDC-42A3-9474-1A3956D46DE8}") = "Task0", "Task0", "{02EA681E-C7D8-13C7-8484-4AC65E1B71E8}"
EndProject
Project("{FAE04EC0-301F-11D3-BF4B-00C04F79EFBC}") = "Tyuiu.MertsKV.Sprint3.Task0.V28", "Tyuiu.MertsKV.Sprint3.Task0.V28\Tyuiu.MertsKV.Sprint3.Task0.V28.csproj", "{93738F11-74B7-4A42-9D75-7614FDD3C116}"
EndProject
Project("{FAE04EC0-301F-11D3-BF4B-00C04F79EFBC}") = "Tyuiu.MertsKV.Sprint3.Task0.V28.Lib", "Tyuiu.MertsKV.Sprint3.Task0.V28.Lib\Tyuiu.MertsKV.Sprint3.Task0.V28.Lib.csproj", "{83920E54-5588-4CF8-97D0-1121D52A79CA}"
EndProject
Project("{FAE04EC0-301F-11D3-BF4B-00C04F79EFBC}") = "Tyuiu.MertsKV.Sprint3.Task0.V28.Test", "Tyuiu.MertsKV.Sprint3.Task0.V28.Test\Tyuiu.MertsKV.Sprint3.Task0.V28.Test.csproj", "{F20E30FE-BF05-4690-AAF1-9331F35F676B}"
EndProject
Project("{2150E333-8FDC-42A3-9474-1A3956D46DE8}") = "Task1", "Task1", "{D2FF3D1B-943D-4F17-B13D-3E0859BC1862}"
EndProject
Project("{FAE04EC0-301F-11D3-BF4B-00C04F79EFBC}") = "Tyuiu.MertsKV.Sprint3.Task1.V18", "Tyuiu.MertsKV.Sprint3.Task1.V18\Tyuiu.MertsKV.Sprint3.Task1.V18.csproj", "{FE0F0ACC-07C6-4562-B4DD-51BAEE201032}"
EndProject
Project("{FAE04EC0-301F-11D3-BF4B-00C04F79EFBC}") = "Tyuiu.MertsKV.Sprint3.Task1.V18.Lib", "Tyuiu.MertsKV.Sprint3.Task1.V18.Lib\Tyuiu.MertsKV.Sprint3.Task1.V18.Lib.csproj", "{A4502639-631D-487C-B7E0-247F387E4CAA}"
EndProject
Project("{FAE04EC0-301F-11D3-BF4B-00C04F79EFBC}") = "Tyuiu.MertsKV.Sprint3.Task1.V18.Test", "Tyuiu.MertsKV.Sprint3.Task1.V18.Test\Tyuiu.MertsKV.Sprint3.Task1.V18.Test.csproj", "{4FC49BAF-1FF9-4C08-BEBA-83B84D76A87C}"
EndProject
Project("{2150E333-8FDC-42A3-9474-1A3956D46DE8}") = "Task2", "Task2", "{0AE7AD52-90E0-4537-B257-0CE5B63DD5F2}"
EndProject
Project("{FAE04EC0-301F-11D3-BF4B-00C04F79EFBC}") = "Tyuiu.MertsKV.Sprint3.Task2.V23", "Tyuiu.MertsKV.Sprint3.Task2.V23\Tyuiu.MertsKV.Sprint3.Task2.V23.csproj", "{CD4BFDCE-CE7A-4067-9D27-8783613C998F}"
EndProject
Project("{FAE04EC0-301F-11D3-BF4B-00C04F79EFBC}") = "Tyuiu.MertsKV.Sprint3.Task2.V23.Lib", "Tyuiu.MertsKV.Sprint3.Task2.V23.Lib\Tyuiu.MertsKV.Sprint3.Task2.V23.Lib.csproj", "{09DE66C5-6AED-4F16-BD7B-181A7CA8E335}"
EndProject
Project("{FAE04EC0-301F-11D3-BF4B-00C04F79EFBC}") = "Tyuiu.MertsKV.Sprint3.Task2.V23.Test", "Tyuiu.MertsKV.Sprint3.Task2.V23.Test\Tyuiu.MertsKV.Sprint3.Task2.V23.Test.csproj", "{4B81F1DA-A93C-47E1-A6C2-E4E90DA64FB5}"
EndProject
Project("{2150E333-8FDC-42A3-9474-1A3956D46DE8}") = "Task3", "Task3", "{CBEBD57C-7E68-47BA-BCDA-CC0C79A24B11}"
EndProject
Project("{FAE04EC0-301F-11D3-BF4B-00C04F79EFBC}") = "Tyuiu.MertsKV.Sprint3.Task3.V24", "Tyuiu.MertsKV.Sprint3.Task3.V24\Tyuiu.MertsKV.Sprint3.Task3.V24.csproj", "{0997EC76-EC33-4B87-97EF-1035493F88C4}"
EndProject
Project("{FAE04EC0-301F-11D3-BF4B-00C04F79EFBC}") = "Tyuiu.MertsKV.Sprint3.Task3.V24.Lib", "Tyuiu.MertsKV.Sprint3.Task3.V24.Lib\Tyuiu.MertsKV.Sprint3.Task3.V24.Lib.csproj", "{844ACA96-42CC-43C5-A239-3009D046A87D}"
EndProject
Project("{FAE04EC0-301F-11D3-BF4B-00C04F79EFBC}") = "Tyuiu.MertsKV.Sprint3.Task3.V24.Test", "Tyuiu.MertsKV.Sprint3.Task3.V24.Test\Tyuiu.MertsKV.Sprint3.Task3.V24.Test.csproj", "{13AB3E3E-2735-4128-B7FE-154154DB1F19}"
EndProject
Project("{2150E333-8FDC-42A3-9474-1A3956D46DE8}") = "Task4", "Task4", "{B0F7C237-14CC-4C7E-9158-C1EBF9A4895C}"
EndProject
Project("{FAE04EC0-301F-11D3-BF4B-00C04F79EFBC}") = "Tyuiu.MertsKV.Sprint3.Task4.V6", "Tyuiu.MertsKV.Sprint3.Task4.V6\Tyuiu.MertsKV.Sprint3.Task4.V6.csproj", "{734347C3-357A-4BB4-B897-8FBD59518383}"
EndProject
Project("{FAE04EC0-301F-11D3-BF4B-00C04F79EFBC}") = "Tyuiu.MertsKV.Sprint3.Task4.V6.Lib", "Tyuiu.MertsKV.Sprint3.Task4.V6.Lib\Tyuiu.MertsKV.Sprint3.Task4.V6.Lib.csproj", "{24A69647-4C0D-4233-9C5A-D20D62BE2711}"
EndProject
Project("{FAE04EC0-301F-11D3-BF4B-00C04F79EFBC}") = "Tyuiu.MertsKV.Sprint3.Task4.V6.Test", "Tyuiu.MertsKV.Sprint3.Task4.V6.Test\Tyuiu.MertsKV.Sprint3.Task4.V6.Test.csproj", "{98D0A6C6-1B5F-451E-A33B-532BAFCC6C8A}"
EndProject
Project("{2150E333-8FDC-42A3-9474-1A3956D46DE8}") = "Task5", "Task5", "{B6D25A9E-8E2D-4C78-882D-E27A85DDCCAE}"
EndProject
Project("{FAE04EC0-301F-11D3-BF4B-00C04F79EFBC}") = "Tyuiu.MertsKV.Sprint3.Task5.V18", "Tyuiu.MertsKV.Sprint3.Task5.V18\Tyuiu.MertsKV.Sprint3.Task5.V18.csproj", "{B6875475-72C0-412E-A171-8AA0723DB5F7}"
EndProject
Project("{FAE04EC0-301F-11D3-BF4B-00C04F79EFBC}") = "Tyuiu.MertsKV.Sprint3.Task5.V18.Lib", "Tyuiu.MertsKV.Sprint3.Task5.V18.Lib\Tyuiu.MertsKV.Sprint3.Task5.V18.Lib.csproj", "{704936C7-097B-432C-BC50-2EF9E89B8CED}"
EndProject
Project("{FAE04EC0-301F-11D3-BF4B-00C04F79EFBC}") = "Tyuiu.MertsKV.Sprint3.Task5.V18.Test", "Tyuiu.MertsKV.Sprint3.Task5.V18.Test\Tyuiu.MertsKV.Sprint3.Task5.V18.Test.csproj", "{BEAA209C-A1FB-4C89-AA71-F57C089EAF0A}"
EndProject
Project("{2150E333-8FDC-42A3-9474-1A3956D46DE8}") = "Task6", "Task6", "{B9E762A4-D909-4B34-8BEF-A899460AEE51}"
EndProject
Project("{FAE04EC0-301F-11D3-BF4B-00C04F79EFBC}") = "Tyuiu.MertsKV.Sprint3.Task6.V18", "Tyuiu.MertsKV.Sprint3.Task6.V18\Tyuiu.MertsKV.Sprint3.Task6.V18.csproj", "{363CDFEB-38A3-4DE4-8457-C743E7DC5B49}"
EndProject
Project("{FAE04EC0-301F-11D3-BF4B-00C04F79EFBC}") = "Tyuiu.MertsKV.Sprint3.Task6.V18.Lib", "Tyuiu.MertsKV.Sprint3.Task6.V18.Lib\Tyuiu.MertsKV.Sprint3.Task6.V18.Lib.csproj", "{C7EC9BE0-1284-40BB-B4C0-3529BDE61555}"
EndProject
Project("{FAE04EC0-301F-11D3-BF4B-00C04F79EFBC}") = "Tyuiu.MertsKV.Sprint3.Task6.V18.Test", "Tyuiu.MertsKV.Sprint3.Task6.V18.Test\Tyuiu.MertsKV.Sprint3.Task6.V18.Test.csproj", "{A2519DDF-E425-4C5F-A8B1-BA7A7B49C032}"
EndProject
Project("{2150E333-8FDC-42A3-9474-1A3956D46DE8}") = "Task7", "Task7", "{BF8EEE7D-778B-4283-B0FA-49BABDB9CE19}"
EndProject
Project("{FAE04EC0-301F-11D3-BF4B-00C04F79EFBC}") = "Tyuiu.MertsKV.Sprint3.Task7.V17", "Tyuiu.MertsKV.Sprint3.Task7.V17\Tyuiu.MertsKV.Sprint3.Task7.V17.csproj", "{9B3135EC-E0D7-4AFB-A562-D655284C978B}"
EndProject
Project("{FAE04EC0-301F-11D3-BF4B-00C04F79EFBC}") = "Tyuiu.MertsKV.Sprint3.Task7.V17.Lib", "Tyuiu.MertsKV.Sprint3.Task7.V17.Lib\Tyuiu.MertsKV.Sprint3.Task7.V17.Lib.csproj", "{9BFB3B97-E01B-40D0-96BC-809A35DFC80E}"
EndProject
Project("{FAE04EC0-301F-11D3-BF4B-00C04F79EFBC}") = "Tyuiu.MertsKV.Sprint3.Task7.V17.Test", "Tyuiu.MertsKV.Sprint3.Task7.V17.Test\Tyuiu.MertsKV.Sprint3.Task7.V17.Test.csproj", "{58CA09CB-6E12-4EE6-9500-A833DD4929DB}"
EndProject
Global
	GlobalSection(SolutionConfigurationPlatforms) = preSolution
		Debug|Any CPU = Debug|Any CPU
		Release|Any CPU = Release|Any CPU
	EndGlobalSection
	GlobalSection(ProjectConfigurationPlatforms) = postSolution
		{93738F11-74B7-4A42-9D75-7614FDD3C116}.Debug|Any CPU.ActiveCfg = Debug|Any CPU
		{93738F11-74B7-4A42-9D75-7614FDD3C116}.Debug|Any CPU.Build.0 = Debug|Any CPU
		{93738F11-74B7-4A42-9D75-7614FDD3C116}.Release|Any CPU.ActiveCfg = Release|Any CPU
		{93738F11-74B7-4A42-9D75-7614FDD3C116}.Release|Any CPU.Build.0 = Release|Any CPU
		{83920E54-5588-4CF8-97D0-1121D52A79CA}.Debug|Any CPU.ActiveCfg = Debug|Any CPU
		{83920E54-5588-4CF8-97D0-1121D52A79CA}.Debug|Any CPU.Build.0 = Debug|Any CPU
		{83920E54-5588-4CF8-97D0-1121D52A79CA}.Release|Any CPU.ActiveCfg = Release|Any CPU
		{83920E54-5588-4CF8-97D0-1121D52A79CA}.Release|Any CPU.Build.0 = Release|Any CPU
		{F20E30FE-BF05-4690-AAF1-9331F35F676B}.Debug|Any CPU.ActiveCfg = Debug|Any CPU
		{F20E30FE-BF05-4690-AAF1-9331F35F676B}.Debug|Any CPU.Build.0 = Debug|Any CPU
		{F20E30FE-BF05-4690-AAF1-9331F35F676B}.Release|Any CPU.ActiveCfg = Release|Any CPU
		{F20E30FE-BF05-4690-AAF1-9331F35F676B}.Release|Any CPU.Build.0 = Release|Any CPU
		{FE0F0ACC-07C6-4562-B4DD-51BAEE201032}.Debug|Any CPU.ActiveCfg = Debug|Any CPU
		{FE0F0ACC-07C6-4562-B4DD-51BAEE201032}.Debug|Any CPU.Build.0 = Debug|Any CPU
		{FE0F0ACC-07C6-4562-B4DD-51BAEE201032}.Release|Any CPU.ActiveCfg = Release|Any CPU
		{FE0F0ACC-07C6-4562-B4DD-51BAEE201032}.Release|Any CPU.Build.0 = Release|Any CPU
		{A4502639-631D-487C-B7E0-247F387E4CAA}.Debug|Any CPU.ActiveCfg = Debug|Any CPU
		{A4502639-631D-487C-B7E0-247F387E4CAA}.Debug|Any CPU.Build.0 = Debug|Any CPU
		{A4502639-631D-487C-B7E0-247F387E4CAA}.Release|Any CPU.ActiveCfg = Release|Any CPU
		{A4502639-631D-487C-B7E0-247F387E4CAA}.Release|Any CPU.Build.0 = Release|Any CPU
		{4FC49BAF-1FF9-4C08-BEBA-83B84D76A87C}.Debug|Any CPU.ActiveCfg = Debug|Any CPU
		{4FC49BAF-1FF9-4C08-BEBA-83B84D76A87C}.Debug|Any CPU.Build.0 = Debug|Any CPU
		{4FC49BAF-1FF9-4C08-BEBA-83B84D76A87C}.Release|Any CPU.ActiveCfg = Release|Any CPU
		{4FC49BAF-1FF9-4C08-BEBA-83B84D76A87C}.Release|Any CPU.Build.0 = Release|Any CPU
		{CD4BFDCE-CE7A-4067-9D27-8783613C998F}.Debug|Any CPU.ActiveCfg = Debug|Any CPU
		{CD4BFDCE-CE7A-4067-9D27-8783613C998F}.Debug|Any CPU.Build.0 = Debug|Any CPU
		{CD4BFDCE-CE7A-4067-9D27-8783613C998F}.Release|Any CPU.ActiveCfg = Release|Any CPU
		{CD4BFDCE-CE7A-4067-9D27-8783613C998F}.Release|Any CPU.Build.0 = Release|Any CPU
		{09DE66C5-6AED-4F16-BD7B-181A7CA8E335}.Debug|Any CPU.ActiveCfg = Debug|Any CPU
		{09DE66C5-6AED-4F16-BD7B-181A7CA8E335}.Debug|Any CPU.Build.0 = Debug|Any CPU
		{09DE66C5-6AED-4F16-BD7B-181A7CA8E335}.Release|Any CPU.ActiveCfg = Release|Any CPU
		{09DE66C5-6AED-4F16-BD7B-181A7CA8E335}.Release|Any CPU.Build.0 = Release|Any CPU
		{4B81F1DA-A93C-47E1-A6C2-E4E90DA64FB5}.Debug|Any CPU.ActiveCfg = Debug|Any CPU
		{4B81F1DA-A93C-47E1-A6C2-E4E90DA64FB5}.Debug|Any CPU.Build.0 = Debug|Any CPU
		{4B81F1DA-A93C-47E1-A6C2-E4E90DA64FB5}.Release|Any CPU.ActiveCfg = Release|Any CPU
		{4B81F1DA-A93C-47E1-A6C2-E4E90DA64FB5}.Release|Any CPU.Build.0 = Release|Any CPU
		{0997EC76-EC33-4B87-97EF-1035493F88C4}.Debug|Any CPU.ActiveCfg = Debug|Any CPU
		{0997EC76-EC33-4B87-97EF-1035493F88C4}.Debug|Any CPU.Build.0 = Debug|Any CPU
		{0997EC76-EC33-4B87-97EF-1035493F88C4}.Release|Any CPU.ActiveCfg = Release|Any CPU
		{0997EC76-EC33-4B87-97EF-1035493F88C4}.Release|Any CPU.Build.0 = Release|Any CPU
		{844ACA96-42CC-43C5-A239-3009D046A87D}.Debug|Any CPU.ActiveCfg = Debug|Any CPU
		{844ACA96-42CC-43C5-A239-3009D046A87D}.Debug|Any CPU.Build.0 = Debug|Any CPU
		{844ACA96-42CC-43C5-A239-3009D046A87D}.Release|Any CPU.ActiveCfg = Release|Any CPU
		{844ACA96-42CC-43C5-A239-3009D046A87D}.Release|Any CPU.Build.0 = Release|Any CPU
		{13AB3E3E-2735-4128-B7FE-154154DB1F19}.Debug|Any CPU.ActiveCfg = Debug|Any CPU
		{13AB3E3E-2735-4128-B7FE-154154DB1F19}.Debug|Any CPU.Build.0 = Debug|Any CPU
		{13AB3E3E-2735-4128-B7FE-154154DB1F19}.Release|Any CPU.ActiveCfg = Release|Any CPU
		{13AB3E3E-2735-4128-B7FE-154154DB1F19}.Release|Any CPU.Build.0 = Release|Any CPU
		{734347C3-357A-4BB4-B897-8FBD59518383}.Debug|Any CPU.ActiveCfg = Debug|Any CPU
		{734347C3-357A-4BB4-B897-8FBD59518383}.Debug|Any CPU.Build.0 = Debug|Any CPU
		{734347C3-357A-4BB4-B897-8FBD59518383}.Release|Any CPU.ActiveCfg = Release|Any CPU
		{734347C3-357A-4BB4-B897-8FBD59518383}.Release|Any CPU.Build.0 = Release|Any CPU
		{24A69647-4C0D-4233-9C5A-D20D62BE2711}.Debug|Any CPU.ActiveCfg = Debug|Any CPU
		{24A69647-4C0D-4233-9C5A-D20D62BE2711}.Debug|Any CPU.Build.0 = Debug|Any CPU
		{24A69647-4C0D-4233-9C5A-D20D62BE2711}.Release|Any CPU.ActiveCfg = Release|Any CPU
		{24A69647-4C0D-4233-9C5A-D20D62BE2711}.Release|Any CPU.Build.0 = Release|Any CPU
		{98D0A6C6-1B5F-451E-A33B-532BAFCC6C8A}.Debug|Any CPU.ActiveCfg = Debug|Any CPU
		{98D0A6C6-1B5F-451E-A33B-532BAFCC6C8A}.Debug|Any CPU.Build.0 = Debug|Any CPU
		{98D0A6C6-1B5F-451E-A33B-532BAFCC6C8A}.Release|Any CPU.ActiveCfg = Release|Any CPU
		{98D0A6C6-1B5F-451E-A33B-532BAFCC6C8A}.Release|Any CPU.Build.0 = Release|Any CPU
		{B6875475-72C0-412E-A171-8AA0723DB5F7}.Debug|Any CPU.ActiveCfg = Debug|Any CPU
		{B6875475-72C0-412E-A171-8AA0723DB5F7}.Debug|Any CPU.Build.0 = Debug|Any CPU
		{B6875475-72C0-412E-A171-8AA0723DB5F7}.Release|Any CPU.ActiveCfg = Release|Any CPU
		{B6875475-72C0-412E-A171-8AA0723DB5F7}.Release|Any CPU.Build.0 = Release|Any CPU
		{704936C7-097B-432C-BC50-2EF9E89B8CED}.Debug|Any CPU.ActiveCfg = Debug|Any CPU
		{704936C7-097B-432C-BC50-2EF9E89B8CED}.Debug|Any CPU.Build.0 = Debug|Any CPU
		{704936C7-097B-432C-BC50-2EF9E89B8CED}.Release|Any CPU.ActiveCfg = Release|Any CPU
		{704936C7-097B-432C-BC50-2EF9E89B8CED}.Release|Any CPU.Build.0 = Release|Any CPU
		{BEAA209C-A1FB-4C89-AA71-F57C089EAF0A}.Debug|Any CPU.ActiveCfg = Debug|Any CPU
		{BEAA209C-A1FB-4C89-AA71-F57C089EAF0A}.Debug|Any CPU.Build.0 = Debug|Any CPU
		{BEAA209C-A1FB-4C89-AA71-F57C089EAF0A}.Release|Any CPU.ActiveCfg = Release|Any CPU
		{BEAA209C-A1FB-4C89-AA71-F57C089EAF0A}.Release|Any CPU.Build.0 = Release|Any CPU
		{363CDFEB-38A3-4DE4-8457-C743E7DC5B49}.Debug|Any CPU.ActiveCfg = Debug|Any CPU
		{363CDFEB-38A3-4DE4-8457-C743E7DC5B49}.Debug|Any CPU.Build.0 = Debug|Any CPU
		{363CDFEB-38A3-4DE4-8457-C743E7DC5B49}.Release|Any CPU.ActiveCfg = Release|Any CPU
		{363CDFEB-38A3-4DE4-8457-C743E7DC5B49}.Release|Any CPU.Build.0 = Release|Any CPU
		{C7EC9BE0-1284-40BB-B4C0-3529BDE61555}.Debug|Any CPU.ActiveCfg = Debug|Any CPU
		{C7EC9BE0-1284-40BB-B4C0-3529BDE61555}.Debug|Any CPU.Build.0 = Debug|Any CPU
		{C7EC9BE0-1284-40BB-B4C0-3529BDE61555}.Release|Any CPU.ActiveCfg = Release|Any CPU
		{C7EC9BE0-1284-40BB-B4C0-3529BDE61555}.Release|Any CPU.Build.0 = Release|Any CPU
		{A2519DDF-E425-4C5F-A8B1-BA7A7B49C032}.Debug|Any CPU.ActiveCfg = Debug|Any CPU
		{A2519DDF-E425-4C5F-A8B1-BA7A7B49C032}.Debug|Any CPU.Build.0 = Debug|Any CPU
		{A2519DDF-E425-4C5F-A8B1-BA7A7B49C032}.Release|Any CPU.ActiveCfg = Release|Any CPU
		{A2519DDF-E425-4C5F-A8B1-BA7A7B49C032}.Release|Any CPU.Build.0 = Release|Any CPU
		{9B3135EC-E0D7-4AFB-A562-D655284C978B}.Debug|Any CPU.ActiveCfg = Debug|Any CPU
		{9B3135EC-E0D7-4AFB-A562-D655284C978B}.Debug|Any CPU.Build.0 = Debug|Any CPU
		{9B3135EC-E0D7-4AFB-A562-D655284C978B}.Release|Any CPU.ActiveCfg = Release|Any CPU
		{9B3135EC-E0D7-4AFB-A562-D655284C978B}.Release|Any CPU.Build.0 = Release|Any CPU
		{9BFB3B97-E01B-40D0-96BC-809A35DFC80E}.Debug|Any CPU.ActiveCfg = Debug|Any CPU
		{9BFB3B97-E01B-40D0-96BC-809A35DFC80E}.Debug|Any CPU.Build.0 = Debug|Any CPU
		{9BFB3B97-E01B-40D0-96BC-809A35DFC80E}.Release|Any CPU.ActiveCfg = Release|Any CPU
		{9BFB3B97-E01B-40D0-96BC-809A35DFC80E}.Release|Any CPU.Build.0 = Release|Any CPU
		{58CA09CB-6E12-4EE6-9500-A833DD4929DB}.Debug|Any CPU.ActiveCfg = Debug|Any CPU
		{58CA09CB-6E12-4EE6-9500-A833DD4929DB}.Debug|Any CPU.Build.0 = Debug|Any CPU
		{58CA09CB-6E12-4EE6-9500-A833DD4929DB}.Release|Any CPU.ActiveCfg = Release|Any CPU
		{58CA09CB-6E12-4EE6-9500-A833DD4929DB}.Release|Any CPU.Build.0 = Release|Any CPU
	EndGlobalSection
	GlobalSection(SolutionProperties) = preSolution
		HideSolutionNode = FALSE
	EndGlobalSection
	GlobalSection(NestedProjects) = preSolution
		{93738F11-74B7-4A42-9D75-7614FDD3C116} = {02EA681E-C7D8-13C7-8484-4AC65E1B71E8}
		{83920E54-5588-4CF8-97D0-1121D52A79CA} = {02EA681E-C7D8-13C7-8484-4AC65E1B71E8}
		{F20E30FE-BF05-4690-AAF1-9331F35F676B} = {02EA681E-C7D8-13C7-8484-4AC65E1B71E8}
		{FE0F0ACC-07C6-4562-B4DD-51BAEE201032} = {D2FF3D1B-943D-4F17-B13D-3E0859BC1862}
		{A4502639-631D-487C-B7E0-247F387E4CAA} = {D2FF3D1B-943D-4F17-B13D-3E0859BC1862}
		{4FC49BAF-1FF9-4C08-BEBA-83B84D76A87C} = {D2FF3D1B-943D-4F17-B13D-3E0859BC1862}
		{CD4BFDCE-CE7A-4067-9D27-8783613C998F} = {0AE7AD52-90E0-4537-B257-0CE5B63DD5F2}
		{09DE66C5-6AED-4F16-BD7B-181A7CA8E335} = {0AE7AD52-90E0-4537-B257-0CE5B63DD5F2}
		{4B81F1DA-A93C-47E1-A6C2-E4E90DA64FB5} = {0AE7AD52-90E0-4537-B257-0CE5B63DD5F2}
		{0997EC76-EC33-4B87-97EF-1035493F88C4} = {CBEBD57C-7E68-47BA-BCDA-CC0C79A24B11}
		{844ACA96-42CC-43C5-A239-3009D046A87D} = {CBEBD57C-7E68-47BA-BCDA-CC0C79A24B11}
		{13AB3E3E-2735-4128-B7FE-154154DB1F19} = {CBEBD57C-7E68-47BA-BCDA-CC0C79A24B11}
		{734347C3-357A-4BB4-B897-8FBD59518383} = {B0F7C237-14CC-4C7E-9158-C1EBF9A4895C}
		{24A69647-4C0D-4233-9C5A-D20D62BE2711} = {B0F7C237-14CC-4C7E-9158-C1EBF9A4895C}
		{98D0A6C6-1B5F-451E-A33B-532BAFCC6C8A} = {B0F7C237-14CC-4C7E-9158-C1EBF9A4895C}
		{B6875475-72C0-412E-A171-8AA0723DB5F7} = {B6D25A9E-8E2D-4C78-882D-E27A85DDCCAE}
		{704936C7-097B-432C-BC50-2EF9E89B8CED} = {B6D25A9E-8E2D-4C78-882D-E27A85DDCCAE}
		{BEAA209C-A1FB-4C89-AA71-F57C089EAF0A} = {B6D25A9E-8E2D-4C78-882D-E27A85DDCCAE}
		{363CDFEB-38A3-4DE4-8457-C743E7DC5B49} = {B9E762A4-D909-4B34-8BEF-A899460AEE51}
		{C7EC9BE0-1284-40BB-B4C0-3529BDE61555} = {B9E762A4-D909-4B34-8BEF-A899460AEE51}
		{A2519DDF-E425-4C5F-A8B1-BA7A7B49C032} = {B9E762A4-D909-4B34-8BEF-A899460AEE51}
		{9B3135EC-E0D7-4AFB-A562-D655284C978B} = {BF8EEE7D-778B-4283-B0FA-49BABDB9CE19}
		{9BFB3B97-E01B-40D0-96BC-809A35DFC80E} = {BF8EEE7D-778B-4283-B0FA-49BABDB9CE19}
		{58CA09CB-6E12-4EE6-9500-A833DD4929DB} = {BF8EEE7D-778B-4283-B0FA-49BABDB9CE19}
	EndGlobalSection
	GlobalSection(ExtensibilityGlobals) = postSolution
		SolutionGuid = {C9CB3C59-08F5-4F89-9A24-B238A1CA3995}
	EndGlobalSection
EndGlobal
